
Microsoft Visual Studio Solution File, Format Version 12.00
# Visual Studio Version 16
VisualStudioVersion = 16.0.30225.117
MinimumVisualStudioVersion = 10.0.40219.1
Project("{FAE04EC0-301F-11D3-BF4B-00C04F79EFBC}") = "KYS.YasalMevzuatTakip", "KYS.YasalMevzuatTakip.csproj", "{B76079A8-E3D2-4861-9CED-B5AE217A924D}"
EndProject
Global
	GlobalSection(SolutionConfigurationPlatforms) = preSolution
		Debug|Any CPU = Debug|Any CPU
		Release|Any CPU = Release|Any CPU
	EndGlobalSection
	GlobalSection(ProjectConfigurationPlatforms) = postSolution
		{B76079A8-E3D2-4861-9CED-B5AE217A924D}.Debug|Any CPU.ActiveCfg = Debug|Any CPU
		{B76079A8-E3D2-4861-9CED-B5AE217A924D}.Debug|Any CPU.Build.0 = Debug|Any CPU
		{B76079A8-E3D2-4861-9CED-B5AE217A924D}.Release|Any CPU.ActiveCfg = Release|Any CPU
		{B76079A8-E3D2-4861-9CED-B5AE217A924D}.Release|Any CPU.Build.0 = Release|Any CPU
	EndGlobalSection
	GlobalSection(SolutionProperties) = preSolution
		HideSolutionNode = FALSE
	EndGlobalSection
	GlobalSection(ExtensibilityGlobals) = postSolution
		SolutionGuid = {99974850-3E53-4409-982C-25DC6E63DA6E}
	EndGlobalSection
	GlobalSection(SubversionScc) = preSolution
		Svn-Managed = False
	EndGlobalSection
EndGlobal
